
Microsoft Visual Studio Solution File, Format Version 12.00
# Visual Studio Version 17
VisualStudioVersion = 17.4.33103.184
MinimumVisualStudioVersion = 10.0.40219.1
Project("{FAE04EC0-301F-11D3-BF4B-00C04F79EFBC}") = "TestApp", "TestApp\TestApp.csproj", "{F235FD96-34CE-4A25-8AC6-63A9FE4C84E5}"
EndProject
Global
	GlobalSection(SolutionConfigurationPlatforms) = preSolution
		Debug|Any CPU = Debug|Any CPU
		Release|Any CPU = Release|Any CPU
	EndGlobalSection
	GlobalSection(ProjectConfigurationPlatforms) = postSolution
		{F235FD96-34CE-4A25-8AC6-63A9FE4C84E5}.Debug|Any CPU.ActiveCfg = Debug|Any CPU
		{F235FD96-34CE-4A25-8AC6-63A9FE4C84E5}.Debug|Any CPU.Build.0 = Debug|Any CPU
		{F235FD96-34CE-4A25-8AC6-63A9FE4C84E5}.Release|Any CPU.ActiveCfg = Release|Any CPU
		{F235FD96-34CE-4A25-8AC6-63A9FE4C84E5}.Release|Any CPU.Build.0 = Release|Any CPU
	EndGlobalSection
	GlobalSection(SolutionProperties) = preSolution
		HideSolutionNode = FALSE
	EndGlobalSection
	GlobalSection(ExtensibilityGlobals) = postSolution
		SolutionGuid = {B3D1D93F-753B-459C-B637-BF24A27C8BA7}
	EndGlobalSection
EndGlobal
